// !$*UTF8*$!
{
	archiveVersion = 1;
	classes = {
	};
	objectVersion = 51;
	objects = {

/* Begin PBXBuildFile section */
		695A74D2EE0A677C965759F0 /* Pods_TripModule.framework in Frameworks */ = {isa = PBXBuildFile; fileRef = 684B9EB2B6A8EE5A5A772565 /* Pods_TripModule.framework */; };
		731B7770230AAEE600CBD735 /* APIManager.swift in Sources */ = {isa = PBXBuildFile; fileRef = 731B776F230AAEE600CBD735 /* APIManager.swift */; };
		735669FB2306CD8A00CA745F /* TimeAnnotation.xib in Resources */ = {isa = PBXBuildFile; fileRef = 735669FA2306CD8A00CA745F /* TimeAnnotation.xib */; };
		735669FD2306D28100CA745F /* TimeAnnotationView.swift in Sources */ = {isa = PBXBuildFile; fileRef = 735669FC2306D28100CA745F /* TimeAnnotationView.swift */; };
		735669FF2306E06A00CA745F /* QRCodeViewControler.swift in Sources */ = {isa = PBXBuildFile; fileRef = 735669FE2306E06A00CA745F /* QRCodeViewControler.swift */; };
		738D6C72230148340015D563 /* AppDelegate.swift in Sources */ = {isa = PBXBuildFile; fileRef = 738D6C71230148340015D563 /* AppDelegate.swift */; };
		738D6C74230148340015D563 /* ViewController.swift in Sources */ = {isa = PBXBuildFile; fileRef = 738D6C73230148340015D563 /* ViewController.swift */; };
		738D6C77230148340015D563 /* Main.storyboard in Resources */ = {isa = PBXBuildFile; fileRef = 738D6C75230148340015D563 /* Main.storyboard */; };
		738D6C79230148360015D563 /* Assets.xcassets in Resources */ = {isa = PBXBuildFile; fileRef = 738D6C78230148360015D563 /* Assets.xcassets */; };
		738D6C7C230148360015D563 /* LaunchScreen.storyboard in Resources */ = {isa = PBXBuildFile; fileRef = 738D6C7A230148360015D563 /* LaunchScreen.storyboard */; };
		738D6C87230148360015D563 /* TripModuleTests.swift in Sources */ = {isa = PBXBuildFile; fileRef = 738D6C86230148360015D563 /* TripModuleTests.swift */; };
		738D6C92230148360015D563 /* TripModuleUITests.swift in Sources */ = {isa = PBXBuildFile; fileRef = 738D6C91230148360015D563 /* TripModuleUITests.swift */; };
		738D6CA02301612C0015D563 /* UIView+Extension.swift in Sources */ = {isa = PBXBuildFile; fileRef = 738D6C9F2301612C0015D563 /* UIView+Extension.swift */; };
		738D6CA42301634A0015D563 /* MapManager.swift in Sources */ = {isa = PBXBuildFile; fileRef = 738D6CA32301634A0015D563 /* MapManager.swift */; };
		738D6CA623016D570015D563 /* UIImage+Extension.swift in Sources */ = {isa = PBXBuildFile; fileRef = 738D6CA523016D570015D563 /* UIImage+Extension.swift */; };
		738D6CA823018BB90015D563 /* Location.swift in Sources */ = {isa = PBXBuildFile; fileRef = 738D6CA723018BB90015D563 /* Location.swift */; };
		738D6CAA23018DCC0015D563 /* LocationListCollectionViewCell.swift in Sources */ = {isa = PBXBuildFile; fileRef = 738D6CA923018DCC0015D563 /* LocationListCollectionViewCell.swift */; };
		738D6CAC230198580015D563 /* LocationCompletionTableViewCell.swift in Sources */ = {isa = PBXBuildFile; fileRef = 738D6CAB230198580015D563 /* LocationCompletionTableViewCell.swift */; };
		738D6CAE2301ABCE0015D563 /* Graph.swift in Sources */ = {isa = PBXBuildFile; fileRef = 738D6CAD2301ABCE0015D563 /* Graph.swift */; };
		738D6CB02301AF680015D563 /* DistanceCalculator.swift in Sources */ = {isa = PBXBuildFile; fileRef = 738D6CAF2301AF680015D563 /* DistanceCalculator.swift */; };
		739253242303067B00EDABE7 /* Annotations.swift in Sources */ = {isa = PBXBuildFile; fileRef = 739253232303067B00EDABE7 /* Annotations.swift */; };
		73EDCA9D2302B421006D5E2E /* TripDetailsTableViewCell.swift in Sources */ = {isa = PBXBuildFile; fileRef = 73EDCA9C2302B421006D5E2E /* TripDetailsTableViewCell.swift */; };
		C7A1CFBBFD9896FED7988651 /* Pods_TripModuleTests.framework in Frameworks */ = {isa = PBXBuildFile; fileRef = DD471C1F85C05A5D1348B725 /* Pods_TripModuleTests.framework */; };
		DFD4F75841326C637EAE5449 /* Pods_TripModuleUITests.framework in Frameworks */ = {isa = PBXBuildFile; fileRef = 818F8B97C3A3FFC2B490DAB1 /* Pods_TripModuleUITests.framework */; };
/* End PBXBuildFile section */

/* Begin PBXContainerItemProxy section */
		738D6C83230148360015D563 /* PBXContainerItemProxy */ = {
			isa = PBXContainerItemProxy;
			containerPortal = 738D6C66230148340015D563 /* Project object */;
			proxyType = 1;
			remoteGlobalIDString = 738D6C6D230148340015D563;
			remoteInfo = TripModule;
		};
		738D6C8E230148360015D563 /* PBXContainerItemProxy */ = {
			isa = PBXContainerItemProxy;
			containerPortal = 738D6C66230148340015D563 /* Project object */;
			proxyType = 1;
			remoteGlobalIDString = 738D6C6D230148340015D563;
			remoteInfo = TripModule;
		};
/* End PBXContainerItemProxy section */

/* Begin PBXFileReference section */
		022EAB0889B4D34DFDBDAA36 /* Pods-TripModuleUITests.debug.xcconfig */ = {isa = PBXFileReference; includeInIndex = 1; lastKnownFileType = text.xcconfig; name = "Pods-TripModuleUITests.debug.xcconfig"; path = "Target Support Files/Pods-TripModuleUITests/Pods-TripModuleUITests.debug.xcconfig"; sourceTree = "<group>"; };
		04AAC4501BD3E6440A7951E1 /* Pods-TripModule.debug.xcconfig */ = {isa = PBXFileReference; includeInIndex = 1; lastKnownFileType = text.xcconfig; name = "Pods-TripModule.debug.xcconfig"; path = "Target Support Files/Pods-TripModule/Pods-TripModule.debug.xcconfig"; sourceTree = "<group>"; };
		22EAE235ABC3B5CB23230D78 /* Pods-TripModule.release.xcconfig */ = {isa = PBXFileReference; includeInIndex = 1; lastKnownFileType = text.xcconfig; name = "Pods-TripModule.release.xcconfig"; path = "Target Support Files/Pods-TripModule/Pods-TripModule.release.xcconfig"; sourceTree = "<group>"; };
		30394C44DBFEA8378B0F7278 /* Pods-TripModuleTests.debug.xcconfig */ = {isa = PBXFileReference; includeInIndex = 1; lastKnownFileType = text.xcconfig; name = "Pods-TripModuleTests.debug.xcconfig"; path = "Target Support Files/Pods-TripModuleTests/Pods-TripModuleTests.debug.xcconfig"; sourceTree = "<group>"; };
		63B24C488A3C1AF4670D77D4 /* Pods-TripModuleUITests.release.xcconfig */ = {isa = PBXFileReference; includeInIndex = 1; lastKnownFileType = text.xcconfig; name = "Pods-TripModuleUITests.release.xcconfig"; path = "Target Support Files/Pods-TripModuleUITests/Pods-TripModuleUITests.release.xcconfig"; sourceTree = "<group>"; };
		684B9EB2B6A8EE5A5A772565 /* Pods_TripModule.framework */ = {isa = PBXFileReference; explicitFileType = wrapper.framework; includeInIndex = 0; path = Pods_TripModule.framework; sourceTree = BUILT_PRODUCTS_DIR; };
		731B776F230AAEE600CBD735 /* APIManager.swift */ = {isa = PBXFileReference; lastKnownFileType = sourcecode.swift; path = APIManager.swift; sourceTree = "<group>"; };
		735669FA2306CD8A00CA745F /* TimeAnnotation.xib */ = {isa = PBXFileReference; lastKnownFileType = file.xib; path = TimeAnnotation.xib; sourceTree = "<group>"; };
		735669FC2306D28100CA745F /* TimeAnnotationView.swift */ = {isa = PBXFileReference; lastKnownFileType = sourcecode.swift; path = TimeAnnotationView.swift; sourceTree = "<group>"; };
		735669FE2306E06A00CA745F /* QRCodeViewControler.swift */ = {isa = PBXFileReference; lastKnownFileType = sourcecode.swift; path = QRCodeViewControler.swift; sourceTree = "<group>"; };
		738D6C6E230148340015D563 /* TripModule.app */ = {isa = PBXFileReference; explicitFileType = wrapper.application; includeInIndex = 0; path = TripModule.app; sourceTree = BUILT_PRODUCTS_DIR; };
		738D6C71230148340015D563 /* AppDelegate.swift */ = {isa = PBXFileReference; lastKnownFileType = sourcecode.swift; path = AppDelegate.swift; sourceTree = "<group>"; };
		738D6C73230148340015D563 /* ViewController.swift */ = {isa = PBXFileReference; lastKnownFileType = sourcecode.swift; path = ViewController.swift; sourceTree = "<group>"; };
		738D6C76230148340015D563 /* Base */ = {isa = PBXFileReference; lastKnownFileType = file.storyboard; name = Base; path = Base.lproj/Main.storyboard; sourceTree = "<group>"; };
		738D6C78230148360015D563 /* Assets.xcassets */ = {isa = PBXFileReference; lastKnownFileType = folder.assetcatalog; path = Assets.xcassets; sourceTree = "<group>"; };
		738D6C7B230148360015D563 /* Base */ = {isa = PBXFileReference; lastKnownFileType = file.storyboard; name = Base; path = Base.lproj/LaunchScreen.storyboard; sourceTree = "<group>"; };
		738D6C7D230148360015D563 /* Info.plist */ = {isa = PBXFileReference; lastKnownFileType = text.plist.xml; path = Info.plist; sourceTree = "<group>"; };
		738D6C82230148360015D563 /* TripModuleTests.xctest */ = {isa = PBXFileReference; explicitFileType = wrapper.cfbundle; includeInIndex = 0; path = TripModuleTests.xctest; sourceTree = BUILT_PRODUCTS_DIR; };
		738D6C86230148360015D563 /* TripModuleTests.swift */ = {isa = PBXFileReference; lastKnownFileType = sourcecode.swift; path = TripModuleTests.swift; sourceTree = "<group>"; };
		738D6C88230148360015D563 /* Info.plist */ = {isa = PBXFileReference; lastKnownFileType = text.plist.xml; path = Info.plist; sourceTree = "<group>"; };
		738D6C8D230148360015D563 /* TripModuleUITests.xctest */ = {isa = PBXFileReference; explicitFileType = wrapper.cfbundle; includeInIndex = 0; path = TripModuleUITests.xctest; sourceTree = BUILT_PRODUCTS_DIR; };
		738D6C91230148360015D563 /* TripModuleUITests.swift */ = {isa = PBXFileReference; lastKnownFileType = sourcecode.swift; path = TripModuleUITests.swift; sourceTree = "<group>"; };
		738D6C93230148360015D563 /* Info.plist */ = {isa = PBXFileReference; lastKnownFileType = text.plist.xml; path = Info.plist; sourceTree = "<group>"; };
		738D6C9F2301612C0015D563 /* UIView+Extension.swift */ = {isa = PBXFileReference; lastKnownFileType = sourcecode.swift; path = "UIView+Extension.swift"; sourceTree = "<group>"; };
		738D6CA32301634A0015D563 /* MapManager.swift */ = {isa = PBXFileReference; lastKnownFileType = sourcecode.swift; path = MapManager.swift; sourceTree = "<group>"; };
		738D6CA523016D570015D563 /* UIImage+Extension.swift */ = {isa = PBXFileReference; lastKnownFileType = sourcecode.swift; path = "UIImage+Extension.swift"; sourceTree = "<group>"; };
		738D6CA723018BB90015D563 /* Location.swift */ = {isa = PBXFileReference; lastKnownFileType = sourcecode.swift; path = Location.swift; sourceTree = "<group>"; };
		738D6CA923018DCC0015D563 /* LocationListCollectionViewCell.swift */ = {isa = PBXFileReference; lastKnownFileType = sourcecode.swift; path = LocationListCollectionViewCell.swift; sourceTree = "<group>"; };
		738D6CAB230198580015D563 /* LocationCompletionTableViewCell.swift */ = {isa = PBXFileReference; lastKnownFileType = sourcecode.swift; path = LocationCompletionTableViewCell.swift; sourceTree = "<group>"; };
		738D6CAD2301ABCE0015D563 /* Graph.swift */ = {isa = PBXFileReference; lastKnownFileType = sourcecode.swift; path = Graph.swift; sourceTree = "<group>"; };
		738D6CAF2301AF680015D563 /* DistanceCalculator.swift */ = {isa = PBXFileReference; lastKnownFileType = sourcecode.swift; path = DistanceCalculator.swift; sourceTree = "<group>"; };
		739253232303067B00EDABE7 /* Annotations.swift */ = {isa = PBXFileReference; lastKnownFileType = sourcecode.swift; path = Annotations.swift; sourceTree = "<group>"; };
		73EDCA9C2302B421006D5E2E /* TripDetailsTableViewCell.swift */ = {isa = PBXFileReference; lastKnownFileType = sourcecode.swift; path = TripDetailsTableViewCell.swift; sourceTree = "<group>"; };
		818F8B97C3A3FFC2B490DAB1 /* Pods_TripModuleUITests.framework */ = {isa = PBXFileReference; explicitFileType = wrapper.framework; includeInIndex = 0; path = Pods_TripModuleUITests.framework; sourceTree = BUILT_PRODUCTS_DIR; };
		CAD961C13D348CCAB05162EF /* Pods-TripModuleTests.release.xcconfig */ = {isa = PBXFileReference; includeInIndex = 1; lastKnownFileType = text.xcconfig; name = "Pods-TripModuleTests.release.xcconfig"; path = "Target Support Files/Pods-TripModuleTests/Pods-TripModuleTests.release.xcconfig"; sourceTree = "<group>"; };
		DD471C1F85C05A5D1348B725 /* Pods_TripModuleTests.framework */ = {isa = PBXFileReference; explicitFileType = wrapper.framework; includeInIndex = 0; path = Pods_TripModuleTests.framework; sourceTree = BUILT_PRODUCTS_DIR; };
/* End PBXFileReference section */

/* Begin PBXFrameworksBuildPhase section */
		738D6C6B230148340015D563 /* Frameworks */ = {
			isa = PBXFrameworksBuildPhase;
			buildActionMask = 2147483647;
			files = (
				695A74D2EE0A677C965759F0 /* Pods_TripModule.framework in Frameworks */,
			);
			runOnlyForDeploymentPostprocessing = 0;
		};
		738D6C7F230148360015D563 /* Frameworks */ = {
			isa = PBXFrameworksBuildPhase;
			buildActionMask = 2147483647;
			files = (
				C7A1CFBBFD9896FED7988651 /* Pods_TripModuleTests.framework in Frameworks */,
			);
			runOnlyForDeploymentPostprocessing = 0;
		};
		738D6C8A230148360015D563 /* Frameworks */ = {
			isa = PBXFrameworksBuildPhase;
			buildActionMask = 2147483647;
			files = (
				DFD4F75841326C637EAE5449 /* Pods_TripModuleUITests.framework in Frameworks */,
			);
			runOnlyForDeploymentPostprocessing = 0;
		};
/* End PBXFrameworksBuildPhase section */

/* Begin PBXGroup section */
		27E3038533A266BE6C5EE933 /* Pods */ = {
			isa = PBXGroup;
			children = (
				04AAC4501BD3E6440A7951E1 /* Pods-TripModule.debug.xcconfig */,
				22EAE235ABC3B5CB23230D78 /* Pods-TripModule.release.xcconfig */,
				30394C44DBFEA8378B0F7278 /* Pods-TripModuleTests.debug.xcconfig */,
				CAD961C13D348CCAB05162EF /* Pods-TripModuleTests.release.xcconfig */,
				022EAB0889B4D34DFDBDAA36 /* Pods-TripModuleUITests.debug.xcconfig */,
				63B24C488A3C1AF4670D77D4 /* Pods-TripModuleUITests.release.xcconfig */,
			);
			path = Pods;
			sourceTree = "<group>";
		};
		738D6C65230148340015D563 = {
			isa = PBXGroup;
			children = (
				738D6C70230148340015D563 /* TripModule */,
				738D6C85230148360015D563 /* TripModuleTests */,
				738D6C90230148360015D563 /* TripModuleUITests */,
				738D6C6F230148340015D563 /* Products */,
				27E3038533A266BE6C5EE933 /* Pods */,
				C7BADF644701DD62F28B08F1 /* Frameworks */,
			);
			sourceTree = "<group>";
		};
		738D6C6F230148340015D563 /* Products */ = {
			isa = PBXGroup;
			children = (
				738D6C6E230148340015D563 /* TripModule.app */,
				738D6C82230148360015D563 /* TripModuleTests.xctest */,
				738D6C8D230148360015D563 /* TripModuleUITests.xctest */,
			);
			name = Products;
			sourceTree = "<group>";
		};
		738D6C70230148340015D563 /* TripModule */ = {
			isa = PBXGroup;
			children = (
				738D6CA2230163370015D563 /* Class */,
				738D6CA1230162F70015D563 /* Extensions */,
				738D6C71230148340015D563 /* AppDelegate.swift */,
				738D6C73230148340015D563 /* ViewController.swift */,
				735669FE2306E06A00CA745F /* QRCodeViewControler.swift */,
				738D6CA923018DCC0015D563 /* LocationListCollectionViewCell.swift */,
				738D6CAB230198580015D563 /* LocationCompletionTableViewCell.swift */,
				73EDCA9C2302B421006D5E2E /* TripDetailsTableViewCell.swift */,
				738D6C75230148340015D563 /* Main.storyboard */,
				738D6C78230148360015D563 /* Assets.xcassets */,
				738D6C7A230148360015D563 /* LaunchScreen.storyboard */,
				738D6C7D230148360015D563 /* Info.plist */,
			);
			path = TripModule;
			sourceTree = "<group>";
		};
		738D6C85230148360015D563 /* TripModuleTests */ = {
			isa = PBXGroup;
			children = (
				738D6C86230148360015D563 /* TripModuleTests.swift */,
				738D6C88230148360015D563 /* Info.plist */,
			);
			path = TripModuleTests;
			sourceTree = "<group>";
		};
		738D6C90230148360015D563 /* TripModuleUITests */ = {
			isa = PBXGroup;
			children = (
				738D6C91230148360015D563 /* TripModuleUITests.swift */,
				738D6C93230148360015D563 /* Info.plist */,
			);
			path = TripModuleUITests;
			sourceTree = "<group>";
		};
		738D6CA1230162F70015D563 /* Extensions */ = {
			isa = PBXGroup;
			children = (
				738D6C9F2301612C0015D563 /* UIView+Extension.swift */,
				738D6CA523016D570015D563 /* UIImage+Extension.swift */,
			);
			path = Extensions;
			sourceTree = "<group>";
		};
		738D6CA2230163370015D563 /* Class */ = {
			isa = PBXGroup;
			children = (
				738D6CA32301634A0015D563 /* MapManager.swift */,
				738D6CA723018BB90015D563 /* Location.swift */,
				738D6CAD2301ABCE0015D563 /* Graph.swift */,
				738D6CAF2301AF680015D563 /* DistanceCalculator.swift */,
				739253232303067B00EDABE7 /* Annotations.swift */,
				735669FA2306CD8A00CA745F /* TimeAnnotation.xib */,
				735669FC2306D28100CA745F /* TimeAnnotationView.swift */,
				731B776F230AAEE600CBD735 /* APIManager.swift */,
			);
			path = Class;
			sourceTree = "<group>";
		};
		C7BADF644701DD62F28B08F1 /* Frameworks */ = {
			isa = PBXGroup;
			children = (
				684B9EB2B6A8EE5A5A772565 /* Pods_TripModule.framework */,
				DD471C1F85C05A5D1348B725 /* Pods_TripModuleTests.framework */,
				818F8B97C3A3FFC2B490DAB1 /* Pods_TripModuleUITests.framework */,
			);
			name = Frameworks;
			sourceTree = "<group>";
		};
/* End PBXGroup section */

/* Begin PBXNativeTarget section */
		738D6C6D230148340015D563 /* TripModule */ = {
			isa = PBXNativeTarget;
			buildConfigurationList = 738D6C96230148360015D563 /* Build configuration list for PBXNativeTarget "TripModule" */;
			buildPhases = (
				7B6B2C3C844048A10205D812 /* [CP] Check Pods Manifest.lock */,
				738D6C6A230148340015D563 /* Sources */,
				738D6C6B230148340015D563 /* Frameworks */,
				738D6C6C230148340015D563 /* Resources */,
				B33D2DD8E0E600527336FDC7 /* [CP] Embed Pods Frameworks */,
			);
			buildRules = (
			);
			dependencies = (
			);
			name = TripModule;
			productName = TripModule;
			productReference = 738D6C6E230148340015D563 /* TripModule.app */;
			productType = "com.apple.product-type.application";
		};
		738D6C81230148360015D563 /* TripModuleTests */ = {
			isa = PBXNativeTarget;
			buildConfigurationList = 738D6C99230148360015D563 /* Build configuration list for PBXNativeTarget "TripModuleTests" */;
			buildPhases = (
				496CF8E7B7EC0E58BFE29737 /* [CP] Check Pods Manifest.lock */,
				738D6C7E230148360015D563 /* Sources */,
				738D6C7F230148360015D563 /* Frameworks */,
				738D6C80230148360015D563 /* Resources */,
			);
			buildRules = (
			);
			dependencies = (
				738D6C84230148360015D563 /* PBXTargetDependency */,
			);
			name = TripModuleTests;
			productName = TripModuleTests;
			productReference = 738D6C82230148360015D563 /* TripModuleTests.xctest */;
			productType = "com.apple.product-type.bundle.unit-test";
		};
		738D6C8C230148360015D563 /* TripModuleUITests */ = {
			isa = PBXNativeTarget;
			buildConfigurationList = 738D6C9C230148360015D563 /* Build configuration list for PBXNativeTarget "TripModuleUITests" */;
			buildPhases = (
				55F1E027634E6C6190131B45 /* [CP] Check Pods Manifest.lock */,
				738D6C89230148360015D563 /* Sources */,
				738D6C8A230148360015D563 /* Frameworks */,
				738D6C8B230148360015D563 /* Resources */,
			);
			buildRules = (
			);
			dependencies = (
				738D6C8F230148360015D563 /* PBXTargetDependency */,
			);
			name = TripModuleUITests;
			productName = TripModuleUITests;
			productReference = 738D6C8D230148360015D563 /* TripModuleUITests.xctest */;
			productType = "com.apple.product-type.bundle.ui-testing";
		};
/* End PBXNativeTarget section */

/* Begin PBXProject section */
		738D6C66230148340015D563 /* Project object */ = {
			isa = PBXProject;
			attributes = {
				LastSwiftUpdateCheck = 1030;
				LastUpgradeCheck = 1030;
				ORGANIZATIONNAME = "Gabriel Elfassi";
				TargetAttributes = {
					738D6C6D230148340015D563 = {
						CreatedOnToolsVersion = 10.3;
					};
					738D6C81230148360015D563 = {
						CreatedOnToolsVersion = 10.3;
						TestTargetID = 738D6C6D230148340015D563;
					};
					738D6C8C230148360015D563 = {
						CreatedOnToolsVersion = 10.3;
						TestTargetID = 738D6C6D230148340015D563;
					};
				};
			};
			buildConfigurationList = 738D6C69230148340015D563 /* Build configuration list for PBXProject "TripModule" */;
			compatibilityVersion = "Xcode 9.3";
			developmentRegion = en;
			hasScannedForEncodings = 0;
			knownRegions = (
				en,
				Base,
			);
			mainGroup = 738D6C65230148340015D563;
			productRefGroup = 738D6C6F230148340015D563 /* Products */;
			projectDirPath = "";
			projectRoot = "";
			targets = (
				738D6C6D230148340015D563 /* TripModule */,
				738D6C81230148360015D563 /* TripModuleTests */,
				738D6C8C230148360015D563 /* TripModuleUITests */,
			);
		};
/* End PBXProject section */

/* Begin PBXResourcesBuildPhase section */
		738D6C6C230148340015D563 /* Resources */ = {
			isa = PBXResourcesBuildPhase;
			buildActionMask = 2147483647;
			files = (
				738D6C7C230148360015D563 /* LaunchScreen.storyboard in Resources */,
				735669FB2306CD8A00CA745F /* TimeAnnotation.xib in Resources */,
				738D6C79230148360015D563 /* Assets.xcassets in Resources */,
				738D6C77230148340015D563 /* Main.storyboard in Resources */,
			);
			runOnlyForDeploymentPostprocessing = 0;
		};
		738D6C80230148360015D563 /* Resources */ = {
			isa = PBXResourcesBuildPhase;
			buildActionMask = 2147483647;
			files = (
			);
			runOnlyForDeploymentPostprocessing = 0;
		};
		738D6C8B230148360015D563 /* Resources */ = {
			isa = PBXResourcesBuildPhase;
			buildActionMask = 2147483647;
			files = (
			);
			runOnlyForDeploymentPostprocessing = 0;
		};
/* End PBXResourcesBuildPhase section */

/* Begin PBXShellScriptBuildPhase section */
		496CF8E7B7EC0E58BFE29737 /* [CP] Check Pods Manifest.lock */ = {
			isa = PBXShellScriptBuildPhase;
			buildActionMask = 2147483647;
			files = (
			);
			inputFileListPaths = (
			);
			inputPaths = (
				"${PODS_PODFILE_DIR_PATH}/Podfile.lock",
				"${PODS_ROOT}/Manifest.lock",
			);
			name = "[CP] Check Pods Manifest.lock";
			outputFileListPaths = (
			);
			outputPaths = (
				"$(DERIVED_FILE_DIR)/Pods-TripModuleTests-checkManifestLockResult.txt",
			);
			runOnlyForDeploymentPostprocessing = 0;
			shellPath = /bin/sh;
			shellScript = "diff \"${PODS_PODFILE_DIR_PATH}/Podfile.lock\" \"${PODS_ROOT}/Manifest.lock\" > /dev/null\nif [ $? != 0 ] ; then\n    # print error to STDERR\n    echo \"error: The sandbox is not in sync with the Podfile.lock. Run 'pod install' or update your CocoaPods installation.\" >&2\n    exit 1\nfi\n# This output is used by Xcode 'outputs' to avoid re-running this script phase.\necho \"SUCCESS\" > \"${SCRIPT_OUTPUT_FILE_0}\"\n";
			showEnvVarsInLog = 0;
		};
		55F1E027634E6C6190131B45 /* [CP] Check Pods Manifest.lock */ = {
			isa = PBXShellScriptBuildPhase;
			buildActionMask = 2147483647;
			files = (
			);
			inputFileListPaths = (
			);
			inputPaths = (
				"${PODS_PODFILE_DIR_PATH}/Podfile.lock",
				"${PODS_ROOT}/Manifest.lock",
			);
			name = "[CP] Check Pods Manifest.lock";
			outputFileListPaths = (
			);
			outputPaths = (
				"$(DERIVED_FILE_DIR)/Pods-TripModuleUITests-checkManifestLockResult.txt",
			);
			runOnlyForDeploymentPostprocessing = 0;
			shellPath = /bin/sh;
			shellScript = "diff \"${PODS_PODFILE_DIR_PATH}/Podfile.lock\" \"${PODS_ROOT}/Manifest.lock\" > /dev/null\nif [ $? != 0 ] ; then\n    # print error to STDERR\n    echo \"error: The sandbox is not in sync with the Podfile.lock. Run 'pod install' or update your CocoaPods installation.\" >&2\n    exit 1\nfi\n# This output is used by Xcode 'outputs' to avoid re-running this script phase.\necho \"SUCCESS\" > \"${SCRIPT_OUTPUT_FILE_0}\"\n";
			showEnvVarsInLog = 0;
		};
		7B6B2C3C844048A10205D812 /* [CP] Check Pods Manifest.lock */ = {
			isa = PBXShellScriptBuildPhase;
			buildActionMask = 2147483647;
			files = (
			);
			inputFileListPaths = (
			);
			inputPaths = (
				"${PODS_PODFILE_DIR_PATH}/Podfile.lock",
				"${PODS_ROOT}/Manifest.lock",
			);
			name = "[CP] Check Pods Manifest.lock";
			outputFileListPaths = (
			);
			outputPaths = (
				"$(DERIVED_FILE_DIR)/Pods-TripModule-checkManifestLockResult.txt",
			);
			runOnlyForDeploymentPostprocessing = 0;
			shellPath = /bin/sh;
			shellScript = "diff \"${PODS_PODFILE_DIR_PATH}/Podfile.lock\" \"${PODS_ROOT}/Manifest.lock\" > /dev/null\nif [ $? != 0 ] ; then\n    # print error to STDERR\n    echo \"error: The sandbox is not in sync with the Podfile.lock. Run 'pod install' or update your CocoaPods installation.\" >&2\n    exit 1\nfi\n# This output is used by Xcode 'outputs' to avoid re-running this script phase.\necho \"SUCCESS\" > \"${SCRIPT_OUTPUT_FILE_0}\"\n";
			showEnvVarsInLog = 0;
		};
		B33D2DD8E0E600527336FDC7 /* [CP] Embed Pods Frameworks */ = {
			isa = PBXShellScriptBuildPhase;
			buildActionMask = 2147483647;
			files = (
			);
			inputFileListPaths = (
				"${PODS_ROOT}/Target Support Files/Pods-TripModule/Pods-TripModule-frameworks-${CONFIGURATION}-input-files.xcfilelist",
			);
			name = "[CP] Embed Pods Frameworks";
			outputFileListPaths = (
				"${PODS_ROOT}/Target Support Files/Pods-TripModule/Pods-TripModule-frameworks-${CONFIGURATION}-output-files.xcfilelist",
			);
			runOnlyForDeploymentPostprocessing = 0;
			shellPath = /bin/sh;
			shellScript = "\"${PODS_ROOT}/Target Support Files/Pods-TripModule/Pods-TripModule-frameworks.sh\"\n";
			showEnvVarsInLog = 0;
		};
/* End PBXShellScriptBuildPhase section */

/* Begin PBXSourcesBuildPhase section */
		738D6C6A230148340015D563 /* Sources */ = {
			isa = PBXSourcesBuildPhase;
			buildActionMask = 2147483647;
			files = (
				738D6CB02301AF680015D563 /* DistanceCalculator.swift in Sources */,
				738D6CA42301634A0015D563 /* MapManager.swift in Sources */,
				738D6CA02301612C0015D563 /* UIView+Extension.swift in Sources */,
				73EDCA9D2302B421006D5E2E /* TripDetailsTableViewCell.swift in Sources */,
				738D6CAA23018DCC0015D563 /* LocationListCollectionViewCell.swift in Sources */,
				738D6CA623016D570015D563 /* UIImage+Extension.swift in Sources */,
				739253242303067B00EDABE7 /* Annotations.swift in Sources */,
				738D6C74230148340015D563 /* ViewController.swift in Sources */,
				738D6CA823018BB90015D563 /* Location.swift in Sources */,
				738D6CAE2301ABCE0015D563 /* Graph.swift in Sources */,
				738D6CAC230198580015D563 /* LocationCompletionTableViewCell.swift in Sources */,
				735669FF2306E06A00CA745F /* QRCodeViewControler.swift in Sources */,
				731B7770230AAEE600CBD735 /* APIManager.swift in Sources */,
				738D6C72230148340015D563 /* AppDelegate.swift in Sources */,
				735669FD2306D28100CA745F /* TimeAnnotationView.swift in Sources */,
			);
			runOnlyForDeploymentPostprocessing = 0;
		};
		738D6C7E230148360015D563 /* Sources */ = {
			isa = PBXSourcesBuildPhase;
			buildActionMask = 2147483647;
			files = (
				738D6C87230148360015D563 /* TripModuleTests.swift in Sources */,
			);
			runOnlyForDeploymentPostprocessing = 0;
		};
		738D6C89230148360015D563 /* Sources */ = {
			isa = PBXSourcesBuildPhase;
			buildActionMask = 2147483647;
			files = (
				738D6C92230148360015D563 /* TripModuleUITests.swift in Sources */,
			);
			runOnlyForDeploymentPostprocessing = 0;
		};
/* End PBXSourcesBuildPhase section */

/* Begin PBXTargetDependency section */
		738D6C84230148360015D563 /* PBXTargetDependency */ = {
			isa = PBXTargetDependency;
			target = 738D6C6D230148340015D563 /* TripModule */;
			targetProxy = 738D6C83230148360015D563 /* PBXContainerItemProxy */;
		};
		738D6C8F230148360015D563 /* PBXTargetDependency */ = {
			isa = PBXTargetDependency;
			target = 738D6C6D230148340015D563 /* TripModule */;
			targetProxy = 738D6C8E230148360015D563 /* PBXContainerItemProxy */;
		};
/* End PBXTargetDependency section */

/* Begin PBXVariantGroup section */
		738D6C75230148340015D563 /* Main.storyboard */ = {
			isa = PBXVariantGroup;
			children = (
				738D6C76230148340015D563 /* Base */,
			);
			name = Main.storyboard;
			sourceTree = "<group>";
		};
		738D6C7A230148360015D563 /* LaunchScreen.storyboard */ = {
			isa = PBXVariantGroup;
			children = (
				738D6C7B230148360015D563 /* Base */,
			);
			name = LaunchScreen.storyboard;
			sourceTree = "<group>";
		};
/* End PBXVariantGroup section */

/* Begin XCBuildConfiguration section */
		738D6C94230148360015D563 /* Debug */ = {
			isa = XCBuildConfiguration;
			buildSettings = {
				ALWAYS_SEARCH_USER_PATHS = NO;
				CLANG_ANALYZER_NONNULL = YES;
				CLANG_ANALYZER_NUMBER_OBJECT_CONVERSION = YES_AGGRESSIVE;
				CLANG_CXX_LANGUAGE_STANDARD = "gnu++14";
				CLANG_CXX_LIBRARY = "libc++";
				CLANG_ENABLE_MODULES = YES;
				CLANG_ENABLE_OBJC_ARC = YES;
				CLANG_ENABLE_OBJC_WEAK = YES;
				CLANG_WARN_BLOCK_CAPTURE_AUTORELEASING = YES;
				CLANG_WARN_BOOL_CONVERSION = YES;
				CLANG_WARN_COMMA = YES;
				CLANG_WARN_CONSTANT_CONVERSION = YES;
				CLANG_WARN_DEPRECATED_OBJC_IMPLEMENTATIONS = YES;
				CLANG_WARN_DIRECT_OBJC_ISA_USAGE = YES_ERROR;
				CLANG_WARN_DOCUMENTATION_COMMENTS = YES;
				CLANG_WARN_EMPTY_BODY = YES;
				CLANG_WARN_ENUM_CONVERSION = YES;
				CLANG_WARN_INFINITE_RECURSION = YES;
				CLANG_WARN_INT_CONVERSION = YES;
				CLANG_WARN_NON_LITERAL_NULL_CONVERSION = YES;
				CLANG_WARN_OBJC_IMPLICIT_RETAIN_SELF = YES;
				CLANG_WARN_OBJC_LITERAL_CONVERSION = YES;
				CLANG_WARN_OBJC_ROOT_CLASS = YES_ERROR;
				CLANG_WARN_RANGE_LOOP_ANALYSIS = YES;
				CLANG_WARN_STRICT_PROTOTYPES = YES;
				CLANG_WARN_SUSPICIOUS_MOVE = YES;
				CLANG_WARN_UNGUARDED_AVAILABILITY = YES_AGGRESSIVE;
				CLANG_WARN_UNREACHABLE_CODE = YES;
				CLANG_WARN__DUPLICATE_METHOD_MATCH = YES;
				CODE_SIGN_IDENTITY = "iPhone Developer";
				COPY_PHASE_STRIP = NO;
				DEBUG_INFORMATION_FORMAT = dwarf;
				ENABLE_STRICT_OBJC_MSGSEND = YES;
				ENABLE_TESTABILITY = YES;
				GCC_C_LANGUAGE_STANDARD = gnu11;
				GCC_DYNAMIC_NO_PIC = NO;
				GCC_NO_COMMON_BLOCKS = YES;
				GCC_OPTIMIZATION_LEVEL = 0;
				GCC_PREPROCESSOR_DEFINITIONS = (
					"DEBUG=1",
					"$(inherited)",
				);
				GCC_WARN_64_TO_32_BIT_CONVERSION = YES;
				GCC_WARN_ABOUT_RETURN_TYPE = YES_ERROR;
				GCC_WARN_UNDECLARED_SELECTOR = YES;
				GCC_WARN_UNINITIALIZED_AUTOS = YES_AGGRESSIVE;
				GCC_WARN_UNUSED_FUNCTION = YES;
				GCC_WARN_UNUSED_VARIABLE = YES;
				IPHONEOS_DEPLOYMENT_TARGET = 12.4;
				MTL_ENABLE_DEBUG_INFO = INCLUDE_SOURCE;
				MTL_FAST_MATH = YES;
				ONLY_ACTIVE_ARCH = YES;
				SDKROOT = iphoneos;
				SWIFT_ACTIVE_COMPILATION_CONDITIONS = DEBUG;
				SWIFT_OPTIMIZATION_LEVEL = "-Onone";
			};
			name = Debug;
		};
		738D6C95230148360015D563 /* Release */ = {
			isa = XCBuildConfiguration;
			buildSettings = {
				ALWAYS_SEARCH_USER_PATHS = NO;
				CLANG_ANALYZER_NONNULL = YES;
				CLANG_ANALYZER_NUMBER_OBJECT_CONVERSION = YES_AGGRESSIVE;
				CLANG_CXX_LANGUAGE_STANDARD = "gnu++14";
				CLANG_CXX_LIBRARY = "libc++";
				CLANG_ENABLE_MODULES = YES;
				CLANG_ENABLE_OBJC_ARC = YES;
				CLANG_ENABLE_OBJC_WEAK = YES;
				CLANG_WARN_BLOCK_CAPTURE_AUTORELEASING = YES;
				CLANG_WARN_BOOL_CONVERSION = YES;
				CLANG_WARN_COMMA = YES;
				CLANG_WARN_CONSTANT_CONVERSION = YES;
				CLANG_WARN_DEPRECATED_OBJC_IMPLEMENTATIONS = YES;
				CLANG_WARN_DIRECT_OBJC_ISA_USAGE = YES_ERROR;
				CLANG_WARN_DOCUMENTATION_COMMENTS = YES;
				CLANG_WARN_EMPTY_BODY = YES;
				CLANG_WARN_ENUM_CONVERSION = YES;
				CLANG_WARN_INFINITE_RECURSION = YES;
				CLANG_WARN_INT_CONVERSION = YES;
				CLANG_WARN_NON_LITERAL_NULL_CONVERSION = YES;
				CLANG_WARN_OBJC_IMPLICIT_RETAIN_SELF = YES;
				CLANG_WARN_OBJC_LITERAL_CONVERSION = YES;
				CLANG_WARN_OBJC_ROOT_CLASS = YES_ERROR;
				CLANG_WARN_RANGE_LOOP_ANALYSIS = YES;
				CLANG_WARN_STRICT_PROTOTYPES = YES;
				CLANG_WARN_SUSPICIOUS_MOVE = YES;
				CLANG_WARN_UNGUARDED_AVAILABILITY = YES_AGGRESSIVE;
				CLANG_WARN_UNREACHABLE_CODE = YES;
				CLANG_WARN__DUPLICATE_METHOD_MATCH = YES;
				CODE_SIGN_IDENTITY = "iPhone Developer";
				COPY_PHASE_STRIP = NO;
				DEBUG_INFORMATION_FORMAT = "dwarf-with-dsym";
				ENABLE_NS_ASSERTIONS = NO;
				ENABLE_STRICT_OBJC_MSGSEND = YES;
				GCC_C_LANGUAGE_STANDARD = gnu11;
				GCC_NO_COMMON_BLOCKS = YES;
				GCC_WARN_64_TO_32_BIT_CONVERSION = YES;
				GCC_WARN_ABOUT_RETURN_TYPE = YES_ERROR;
				GCC_WARN_UNDECLARED_SELECTOR = YES;
				GCC_WARN_UNINITIALIZED_AUTOS = YES_AGGRESSIVE;
				GCC_WARN_UNUSED_FUNCTION = YES;
				GCC_WARN_UNUSED_VARIABLE = YES;
				IPHONEOS_DEPLOYMENT_TARGET = 12.4;
				MTL_ENABLE_DEBUG_INFO = NO;
				MTL_FAST_MATH = YES;
				SDKROOT = iphoneos;
				SWIFT_COMPILATION_MODE = wholemodule;
				SWIFT_OPTIMIZATION_LEVEL = "-O";
				VALIDATE_PRODUCT = YES;
			};
			name = Release;
		};
		738D6C97230148360015D563 /* Debug */ = {
			isa = XCBuildConfiguration;
			baseConfigurationReference = 04AAC4501BD3E6440A7951E1 /* Pods-TripModule.debug.xcconfig */;
			buildSettings = {
				ASSETCATALOG_COMPILER_APPICON_NAME = AppIcon;
				CODE_SIGN_STYLE = Automatic;
				DEVELOPMENT_TEAM = YL6SCU4H3G;
				INFOPLIST_FILE = TripModule/Info.plist;
				IPHONEOS_DEPLOYMENT_TARGET = 12.2;
				LD_RUNPATH_SEARCH_PATHS = (
					"$(inherited)",
					"@executable_path/Frameworks",
				);
				PRODUCT_BUNDLE_IDENTIFIER = Gabriel.TripModule;
				PRODUCT_NAME = "$(TARGET_NAME)";
				SWIFT_VERSION = 5.0;
				TARGETED_DEVICE_FAMILY = "1,2";
			};
			name = Debug;
		};
		738D6C98230148360015D563 /* Release */ = {
			isa = XCBuildConfiguration;
			baseConfigurationReference = 22EAE235ABC3B5CB23230D78 /* Pods-TripModule.release.xcconfig */;
			buildSettings = {
				ASSETCATALOG_COMPILER_APPICON_NAME = AppIcon;
				CODE_SIGN_STYLE = Automatic;
				DEVELOPMENT_TEAM = YL6SCU4H3G;
				INFOPLIST_FILE = TripModule/Info.plist;
				IPHONEOS_DEPLOYMENT_TARGET = 12.2;
				LD_RUNPATH_SEARCH_PATHS = (
					"$(inherited)",
					"@executable_path/Frameworks",
				);
				PRODUCT_BUNDLE_IDENTIFIER = Gabriel.TripModule;
				PRODUCT_NAME = "$(TARGET_NAME)";
				SWIFT_VERSION = 5.0;
				TARGETED_DEVICE_FAMILY = "1,2";
			};
			name = Release;
		};
		738D6C9A230148360015D563 /* Debug */ = {
			isa = XCBuildConfiguration;
			baseConfigurationReference = 30394C44DBFEA8378B0F7278 /* Pods-TripModuleTests.debug.xcconfig */;
			buildSettings = {
				ALWAYS_EMBED_SWIFT_STANDARD_LIBRARIES = YES;
				BUNDLE_LOADER = "$(TEST_HOST)";
				CODE_SIGN_STYLE = Automatic;
				INFOPLIST_FILE = TripModuleTests/Info.plist;
				LD_RUNPATH_SEARCH_PATHS = (
					"$(inherited)",
					"@executable_path/Frameworks",
					"@loader_path/Frameworks",
				);
				PRODUCT_BUNDLE_IDENTIFIER = Gabriel.TripModuleTests;
				PRODUCT_NAME = "$(TARGET_NAME)";
				SWIFT_VERSION = 5.0;
				TARGETED_DEVICE_FAMILY = "1,2";
				TEST_HOST = "$(BUILT_PRODUCTS_DIR)/TripModule.app/TripModule";
			};
			name = Debug;
		};
		738D6C9B230148360015D563 /* Release */ = {
			isa = XCBuildConfiguration;
			baseConfigurationReference = CAD961C13D348CCAB05162EF /* Pods-TripModuleTests.release.xcconfig */;
			buildSettings = {
				ALWAYS_EMBED_SWIFT_STANDARD_LIBRARIES = YES;
				BUNDLE_LOADER = "$(TEST_HOST)";
				CODE_SIGN_STYLE = Automatic;
				INFOPLIST_FILE = TripModuleTests/Info.plist;
				LD_RUNPATH_SEARCH_PATHS = (
					"$(inherited)",
					"@executable_path/Frameworks",
					"@loader_path/Frameworks",
				);
				PRODUCT_BUNDLE_IDENTIFIER = Gabriel.TripModuleTests;
				PRODUCT_NAME = "$(TARGET_NAME)";
				SWIFT_VERSION = 5.0;
				TARGETED_DEVICE_FAMILY = "1,2";
				TEST_HOST = "$(BUILT_PRODUCTS_DIR)/TripModule.app/TripModule";
			};
			name = Release;
		};
		738D6C9D230148360015D563 /* Debug */ = {
			isa = XCBuildConfiguration;
			baseConfigurationReference = 022EAB0889B4D34DFDBDAA36 /* Pods-TripModuleUITests.debug.xcconfig */;
			buildSettings = {
				ALWAYS_EMBED_SWIFT_STANDARD_LIBRARIES = YES;
				CODE_SIGN_STYLE = Automatic;
				INFOPLIST_FILE = TripModuleUITests/Info.plist;
				LD_RUNPATH_SEARCH_PATHS = (
					"$(inherited)",
					"@executable_path/Frameworks",
					"@loader_path/Frameworks",
				);
				PRODUCT_BUNDLE_IDENTIFIER = Gabriel.TripModuleUITests;
				PRODUCT_NAME = "$(TARGET_NAME)";
				SWIFT_VERSION = 5.0;
				TARGETED_DEVICE_FAMILY = "1,2";
				TEST_TARGET_NAME = TripModule;
			};
			name = Debug;
		};
		738D6C9E230148360015D563 /* Release */ = {
			isa = XCBuildConfiguration;
			baseConfigurationReference = 63B24C488A3C1AF4670D77D4 /* Pods-TripModuleUITests.release.xcconfig */;
			buildSettings = {
				ALWAYS_EMBED_SWIFT_STANDARD_LIBRARIES = YES;
				CODE_SIGN_STYLE = Automatic;
				INFOPLIST_FILE = TripModuleUITests/Info.plist;
				LD_RUNPATH_SEARCH_PATHS = (
					"$(inherited)",
					"@executable_path/Frameworks",
					"@loader_path/Frameworks",
				);
				PRODUCT_BUNDLE_IDENTIFIER = Gabriel.TripModuleUITests;
				PRODUCT_NAME = "$(TARGET_NAME)";
				SWIFT_VERSION = 5.0;
				TARGETED_DEVICE_FAMILY = "1,2";
				TEST_TARGET_NAME = TripModule;
			};
			name = Release;
		};
/* End XCBuildConfiguration section */

/* Begin XCConfigurationList section */
		738D6C69230148340015D563 /* Build configuration list for PBXProject "TripModule" */ = {
			isa = XCConfigurationList;
			buildConfigurations = (
				738D6C94230148360015D563 /* Debug */,
				738D6C95230148360015D563 /* Release */,
			);
			defaultConfigurationIsVisible = 0;
			defaultConfigurationName = Release;
		};
		738D6C96230148360015D563 /* Build configuration list for PBXNativeTarget "TripModule" */ = {
			isa = XCConfigurationList;
			buildConfigurations = (
				738D6C97230148360015D563 /* Debug */,
				738D6C98230148360015D563 /* Release */,
			);
			defaultConfigurationIsVisible = 0;
			defaultConfigurationName = Release;
		};
		738D6C99230148360015D563 /* Build configuration list for PBXNativeTarget "TripModuleTests" */ = {
			isa = XCConfigurationList;
			buildConfigurations = (
				738D6C9A230148360015D563 /* Debug */,
				738D6C9B230148360015D563 /* Release */,
			);
			defaultConfigurationIsVisible = 0;
			defaultConfigurationName = Release;
		};
		738D6C9C230148360015D563 /* Build configuration list for PBXNativeTarget "TripModuleUITests" */ = {
			isa = XCConfigurationList;
			buildConfigurations = (
				738D6C9D230148360015D563 /* Debug */,
				738D6C9E230148360015D563 /* Release */,
			);
			defaultConfigurationIsVisible = 0;
			defaultConfigurationName = Release;
		};
/* End XCConfigurationList section */
	};
	rootObject = 738D6C66230148340015D563 /* Project object */;
}
